
Microsoft Visual Studio Solution File, Format Version 12.00
# Visual Studio Version 16
VisualStudioVersion = 16.0.30517.126
MinimumVisualStudioVersion = 10.0.40219.1
Project("{FAE04EC0-301F-11D3-BF4B-00C04F79EFBC}") = "SocGenTest", "SocGenTest.csproj", "{43C6967E-9BDA-4652-9F61-F9851403612F}"
EndProject
Global
	GlobalSection(SolutionConfigurationPlatforms) = preSolution
		Debug|Any CPU = Debug|Any CPU
		Release|Any CPU = Release|Any CPU
	EndGlobalSection
	GlobalSection(ProjectConfigurationPlatforms) = postSolution
		{43C6967E-9BDA-4652-9F61-F9851403612F}.Debug|Any CPU.ActiveCfg = Debug|Any CPU
		{43C6967E-9BDA-4652-9F61-F9851403612F}.Debug|Any CPU.Build.0 = Debug|Any CPU
		{43C6967E-9BDA-4652-9F61-F9851403612F}.Release|Any CPU.ActiveCfg = Release|Any CPU
		{43C6967E-9BDA-4652-9F61-F9851403612F}.Release|Any CPU.Build.0 = Release|Any CPU
	EndGlobalSection
	GlobalSection(SolutionProperties) = preSolution
		HideSolutionNode = FALSE
	EndGlobalSection
	GlobalSection(ExtensibilityGlobals) = postSolution
		SolutionGuid = {1F1E466B-977E-4ECA-BA35-1EB5617D137D}
	EndGlobalSection
EndGlobal
